
Microsoft Visual Studio Solution File, Format Version 12.00
# Visual Studio 14
VisualStudioVersion = 14.0.25420.1
MinimumVisualStudioVersion = 10.0.40219.1
Project("{FAE04EC0-301F-11D3-BF4B-00C04F79EFBC}") = "Escc.Umbraco.LinksManager", "ESCC.Umbraco.LinksManager\Escc.Umbraco.LinksManager.csproj", "{6C04EE92-2296-4F63-951B-32A2C7FBDE7B}"
EndProject
Project("{2150E333-8FDC-42A3-9474-1A3956D46DE8}") = "Solution Items", "Solution Items", "{5787B5E5-8692-4418-9983-02959AA26137}"
	ProjectSection(SolutionItems) = preProject
		.gitignore = .gitignore
		app-setup-dev.cmd = app-setup-dev.cmd
		app-setup-dev.ps1 = app-setup-dev.ps1
		LICENSE.md = LICENSE.md
		README.md = README.md
	EndProjectSection
EndProject
Global
	GlobalSection(SolutionConfigurationPlatforms) = preSolution
		Debug|Any CPU = Debug|Any CPU
		Release|Any CPU = Release|Any CPU
	EndGlobalSection
	GlobalSection(ProjectConfigurationPlatforms) = postSolution
		{6C04EE92-2296-4F63-951B-32A2C7FBDE7B}.Debug|Any CPU.ActiveCfg = Debug|Any CPU
		{6C04EE92-2296-4F63-951B-32A2C7FBDE7B}.Debug|Any CPU.Build.0 = Debug|Any CPU
		{6C04EE92-2296-4F63-951B-32A2C7FBDE7B}.Release|Any CPU.ActiveCfg = Release|Any CPU
		{6C04EE92-2296-4F63-951B-32A2C7FBDE7B}.Release|Any CPU.Build.0 = Release|Any CPU
	EndGlobalSection
	GlobalSection(SolutionProperties) = preSolution
		HideSolutionNode = FALSE
	EndGlobalSection
EndGlobal
